
Microsoft Visual Studio Solution File, Format Version 12.00
# Visual Studio Version 17
VisualStudioVersion = 17.0.31903.59
MinimumVisualStudioVersion = 10.0.40219.1
Project("{FAE04EC0-301F-11D3-BF4B-00C04F79EFBC}") = "API", "API\API.csproj", "{715DD36F-CBC6-43D8-B04D-D1F3F406142E}"
EndProject
Project("{FAE04EC0-301F-11D3-BF4B-00C04F79EFBC}") = "Core", "Core\Core.csproj", "{0D6AC4F1-3210-4208-AB6C-1F3C243EC4BF}"
EndProject
Project("{FAE04EC0-301F-11D3-BF4B-00C04F79EFBC}") = "Infrastructure", "Infrastructure\Infrastructure.csproj", "{79889B29-C2A2-4AE7-BA31-7CC2DA13302B}"
EndProject
Global
	GlobalSection(SolutionConfigurationPlatforms) = preSolution
		Debug|Any CPU = Debug|Any CPU
		Debug|x64 = Debug|x64
		Debug|x86 = Debug|x86
		Release|Any CPU = Release|Any CPU
		Release|x64 = Release|x64
		Release|x86 = Release|x86
	EndGlobalSection
	GlobalSection(ProjectConfigurationPlatforms) = postSolution
		{715DD36F-CBC6-43D8-B04D-D1F3F406142E}.Debug|Any CPU.ActiveCfg = Debug|Any CPU
		{715DD36F-CBC6-43D8-B04D-D1F3F406142E}.Debug|Any CPU.Build.0 = Debug|Any CPU
		{715DD36F-CBC6-43D8-B04D-D1F3F406142E}.Debug|x64.ActiveCfg = Debug|Any CPU
		{715DD36F-CBC6-43D8-B04D-D1F3F406142E}.Debug|x64.Build.0 = Debug|Any CPU
		{715DD36F-CBC6-43D8-B04D-D1F3F406142E}.Debug|x86.ActiveCfg = Debug|Any CPU
		{715DD36F-CBC6-43D8-B04D-D1F3F406142E}.Debug|x86.Build.0 = Debug|Any CPU
		{715DD36F-CBC6-43D8-B04D-D1F3F406142E}.Release|Any CPU.ActiveCfg = Release|Any CPU
		{715DD36F-CBC6-43D8-B04D-D1F3F406142E}.Release|Any CPU.Build.0 = Release|Any CPU
		{715DD36F-CBC6-43D8-B04D-D1F3F406142E}.Release|x64.ActiveCfg = Release|Any CPU
		{715DD36F-CBC6-43D8-B04D-D1F3F406142E}.Release|x64.Build.0 = Release|Any CPU
		{715DD36F-CBC6-43D8-B04D-D1F3F406142E}.Release|x86.ActiveCfg = Release|Any CPU
		{715DD36F-CBC6-43D8-B04D-D1F3F406142E}.Release|x86.Build.0 = Release|Any CPU
		{0D6AC4F1-3210-4208-AB6C-1F3C243EC4BF}.Debug|Any CPU.ActiveCfg = Debug|Any CPU
		{0D6AC4F1-3210-4208-AB6C-1F3C243EC4BF}.Debug|Any CPU.Build.0 = Debug|Any CPU
		{0D6AC4F1-3210-4208-AB6C-1F3C243EC4BF}.Debug|x64.ActiveCfg = Debug|Any CPU
		{0D6AC4F1-3210-4208-AB6C-1F3C243EC4BF}.Debug|x64.Build.0 = Debug|Any CPU
		{0D6AC4F1-3210-4208-AB6C-1F3C243EC4BF}.Debug|x86.ActiveCfg = Debug|Any CPU
		{0D6AC4F1-3210-4208-AB6C-1F3C243EC4BF}.Debug|x86.Build.0 = Debug|Any CPU
		{0D6AC4F1-3210-4208-AB6C-1F3C243EC4BF}.Release|Any CPU.ActiveCfg = Release|Any CPU
		{0D6AC4F1-3210-4208-AB6C-1F3C243EC4BF}.Release|Any CPU.Build.0 = Release|Any CPU
		{0D6AC4F1-3210-4208-AB6C-1F3C243EC4BF}.Release|x64.ActiveCfg = Release|Any CPU
		{0D6AC4F1-3210-4208-AB6C-1F3C243EC4BF}.Release|x64.Build.0 = Release|Any CPU
		{0D6AC4F1-3210-4208-AB6C-1F3C243EC4BF}.Release|x86.ActiveCfg = Release|Any CPU
		{0D6AC4F1-3210-4208-AB6C-1F3C243EC4BF}.Release|x86.Build.0 = Release|Any CPU
		{79889B29-C2A2-4AE7-BA31-7CC2DA13302B}.Debug|Any CPU.ActiveCfg = Debug|Any CPU
		{79889B29-C2A2-4AE7-BA31-7CC2DA13302B}.Debug|Any CPU.Build.0 = Debug|Any CPU
		{79889B29-C2A2-4AE7-BA31-7CC2DA13302B}.Debug|x64.ActiveCfg = Debug|Any CPU
		{79889B29-C2A2-4AE7-BA31-7CC2DA13302B}.Debug|x64.Build.0 = Debug|Any CPU
		{79889B29-C2A2-4AE7-BA31-7CC2DA13302B}.Debug|x86.ActiveCfg = Debug|Any CPU
		{79889B29-C2A2-4AE7-BA31-7CC2DA13302B}.Debug|x86.Build.0 = Debug|Any CPU
		{79889B29-C2A2-4AE7-BA31-7CC2DA13302B}.Release|Any CPU.ActiveCfg = Release|Any CPU
		{79889B29-C2A2-4AE7-BA31-7CC2DA13302B}.Release|Any CPU.Build.0 = Release|Any CPU
		{79889B29-C2A2-4AE7-BA31-7CC2DA13302B}.Release|x64.ActiveCfg = Release|Any CPU
		{79889B29-C2A2-4AE7-BA31-7CC2DA13302B}.Release|x64.Build.0 = Release|Any CPU
		{79889B29-C2A2-4AE7-BA31-7CC2DA13302B}.Release|x86.ActiveCfg = Release|Any CPU
		{79889B29-C2A2-4AE7-BA31-7CC2DA13302B}.Release|x86.Build.0 = Release|Any CPU
	EndGlobalSection
	GlobalSection(SolutionProperties) = preSolution
		HideSolutionNode = FALSE
	EndGlobalSection
EndGlobal
